
Microsoft Visual Studio Solution File, Format Version 12.00
# Visual Studio Version 16
VisualStudioVersion = 16.0.31019.35
MinimumVisualStudioVersion = 10.0.40219.1
Project("{FAE04EC0-301F-11D3-BF4B-00C04F79EFBC}") = "TcpGenerator", "TcpGenerator\TcpGenerator.csproj", "{15082535-8B5F-49F9-89BF-45DC607C6449}"
EndProject
Project("{FAE04EC0-301F-11D3-BF4B-00C04F79EFBC}") = "Client", "Client\Client.csproj", "{2784CC1D-6596-4863-BAF3-AFDBA3CE076B}"
EndProject
Project("{FAE04EC0-301F-11D3-BF4B-00C04F79EFBC}") = "QuotesLibrary", "QuotesLibrary\QuotesLibrary.csproj", "{8B70BD6A-E4C0-417D-9178-CAA6AFD0DCCB}"
EndProject
Global
	GlobalSection(SolutionConfigurationPlatforms) = preSolution
		Debug|Any CPU = Debug|Any CPU
		Release|Any CPU = Release|Any CPU
	EndGlobalSection
	GlobalSection(ProjectConfigurationPlatforms) = postSolution
		{15082535-8B5F-49F9-89BF-45DC607C6449}.Debug|Any CPU.ActiveCfg = Debug|Any CPU
		{15082535-8B5F-49F9-89BF-45DC607C6449}.Debug|Any CPU.Build.0 = Debug|Any CPU
		{15082535-8B5F-49F9-89BF-45DC607C6449}.Release|Any CPU.ActiveCfg = Release|Any CPU
		{15082535-8B5F-49F9-89BF-45DC607C6449}.Release|Any CPU.Build.0 = Release|Any CPU
		{2784CC1D-6596-4863-BAF3-AFDBA3CE076B}.Debug|Any CPU.ActiveCfg = Debug|Any CPU
		{2784CC1D-6596-4863-BAF3-AFDBA3CE076B}.Debug|Any CPU.Build.0 = Debug|Any CPU
		{2784CC1D-6596-4863-BAF3-AFDBA3CE076B}.Release|Any CPU.ActiveCfg = Release|Any CPU
		{2784CC1D-6596-4863-BAF3-AFDBA3CE076B}.Release|Any CPU.Build.0 = Release|Any CPU
		{8B70BD6A-E4C0-417D-9178-CAA6AFD0DCCB}.Debug|Any CPU.ActiveCfg = Debug|Any CPU
		{8B70BD6A-E4C0-417D-9178-CAA6AFD0DCCB}.Debug|Any CPU.Build.0 = Debug|Any CPU
		{8B70BD6A-E4C0-417D-9178-CAA6AFD0DCCB}.Release|Any CPU.ActiveCfg = Release|Any CPU
		{8B70BD6A-E4C0-417D-9178-CAA6AFD0DCCB}.Release|Any CPU.Build.0 = Release|Any CPU
	EndGlobalSection
	GlobalSection(SolutionProperties) = preSolution
		HideSolutionNode = FALSE
	EndGlobalSection
	GlobalSection(ExtensibilityGlobals) = postSolution
		SolutionGuid = {0217B672-9BBA-4578-AEC8-2DB9735B7585}
	EndGlobalSection
EndGlobal
